{
  "name": "server",
  "lockfileVersion": 3,
  "requires": true,
  "packages": {
    "": {
      "dependencies": {
        "@types/mathjax": "^0.0.40",
        "mathjax": "^3.2.2"
      }
    },
    "node_modules/@types/mathjax": {
      "version": "0.0.40",
      "resolved": "https://registry.npmjs.org/@types/mathjax/-/mathjax-0.0.40.tgz",
      "integrity": "sha512-rHusx08LCg92WJxrsM3SPjvLTSvK5C+gealtSuhKbEOcUZfWlwigaFoPLf6Dfxhg4oryN5qP9Sj7zOQ4HYXINw==",
      "license": "MIT"
    },
    "node_modules/mathjax": {
      "version": "3.2.2",
      "resolved": "https://registry.npmjs.org/mathjax/-/mathjax-3.2.2.tgz",
      "integrity": "sha512-Bt+SSVU8eBG27zChVewOicYs7Xsdt40qm4+UpHyX7k0/O9NliPc+x77k1/FEsPsjKPZGJvtRZM1vO+geW0OhGw==",
      "license": "Apache-2.0"
    }
  }
}
